
Microsoft Visual Studio Solution File, Format Version 12.00
# Visual Studio Version 17
VisualStudioVersion = 17.9.34728.123
MinimumVisualStudioVersion = 10.0.40219.1
Project("{9A19103F-16F7-4668-BE54-9A1E7A4F7556}") = "Tests", "Tests\Tests.csproj", "{02CF6E50-4154-42C8-B10B-87301B07C2A1}"
EndProject
Project("{9A19103F-16F7-4668-BE54-9A1E7A4F7556}") = "MathematicalTools", "MathematicalTools\MathematicalTools.csproj", "{612B7AE1-6163-4F81-B03F-6DF0D8329453}"
EndProject
Project("{FAE04EC0-301F-11D3-BF4B-00C04F79EFBC}") = "MathematicalFunctions", "MathematicalFunctions\MathematicalFunctions.csproj", "{95A47763-3683-49AD-A87D-FC085DA74295}"
EndProject
Project("{FAE04EC0-301F-11D3-BF4B-00C04F79EFBC}") = "Interpolation", "Interpolation\Interpolation.csproj", "{BAA9275D-31B8-42BF-AC06-5838237D6085}"
EndProject
Global
	GlobalSection(SolutionConfigurationPlatforms) = preSolution
		Debug|Any CPU = Debug|Any CPU
		Release|Any CPU = Release|Any CPU
	EndGlobalSection
	GlobalSection(ProjectConfigurationPlatforms) = postSolution
		{02CF6E50-4154-42C8-B10B-87301B07C2A1}.Debug|Any CPU.ActiveCfg = Debug|Any CPU
		{02CF6E50-4154-42C8-B10B-87301B07C2A1}.Debug|Any CPU.Build.0 = Debug|Any CPU
		{02CF6E50-4154-42C8-B10B-87301B07C2A1}.Release|Any CPU.ActiveCfg = Release|Any CPU
		{02CF6E50-4154-42C8-B10B-87301B07C2A1}.Release|Any CPU.Build.0 = Release|Any CPU
		{612B7AE1-6163-4F81-B03F-6DF0D8329453}.Debug|Any CPU.ActiveCfg = Debug|Any CPU
		{612B7AE1-6163-4F81-B03F-6DF0D8329453}.Debug|Any CPU.Build.0 = Debug|Any CPU
		{612B7AE1-6163-4F81-B03F-6DF0D8329453}.Release|Any CPU.ActiveCfg = Release|Any CPU
		{612B7AE1-6163-4F81-B03F-6DF0D8329453}.Release|Any CPU.Build.0 = Release|Any CPU
		{95A47763-3683-49AD-A87D-FC085DA74295}.Debug|Any CPU.ActiveCfg = Debug|Any CPU
		{95A47763-3683-49AD-A87D-FC085DA74295}.Debug|Any CPU.Build.0 = Debug|Any CPU
		{95A47763-3683-49AD-A87D-FC085DA74295}.Release|Any CPU.ActiveCfg = Release|Any CPU
		{95A47763-3683-49AD-A87D-FC085DA74295}.Release|Any CPU.Build.0 = Release|Any CPU
		{BAA9275D-31B8-42BF-AC06-5838237D6085}.Debug|Any CPU.ActiveCfg = Debug|Any CPU
		{BAA9275D-31B8-42BF-AC06-5838237D6085}.Debug|Any CPU.Build.0 = Debug|Any CPU
		{BAA9275D-31B8-42BF-AC06-5838237D6085}.Release|Any CPU.ActiveCfg = Release|Any CPU
		{BAA9275D-31B8-42BF-AC06-5838237D6085}.Release|Any CPU.Build.0 = Release|Any CPU
	EndGlobalSection
	GlobalSection(SolutionProperties) = preSolution
		HideSolutionNode = FALSE
	EndGlobalSection
	GlobalSection(ExtensibilityGlobals) = postSolution
		SolutionGuid = {D7AD0B59-3C8A-4EE4-989F-7539CDEB374E}
	EndGlobalSection
EndGlobal
